
Microsoft Visual Studio Solution File, Format Version 12.00
# Visual Studio Version 16
VisualStudioVersion = 16.0.30907.101
MinimumVisualStudioVersion = 10.0.40219.1
Project("{FAE04EC0-301F-11D3-BF4B-00C04F79EFBC}") = "ORMDataManager", "ORMDataManager\ORMDataManager.csproj", "{99910935-5D22-4D6F-809E-EB9F54FC1EF3}"
EndProject
Project("{00D1A9C2-B5F0-4AF3-8072-F6C62B433612}") = "ORMData", "ORMData\ORMData.sqlproj", "{7328AF79-426D-42D2-A66B-98026A3D99DC}"
EndProject
Project("{FAE04EC0-301F-11D3-BF4B-00C04F79EFBC}") = "ORMDesktopUI", "ORMDesktopUI\ORMDesktopUI.csproj", "{29187734-B7FA-425F-BF54-14F0C2C8B3B5}"
EndProject
Global
	GlobalSection(SolutionConfigurationPlatforms) = preSolution
		Debug|Any CPU = Debug|Any CPU
		Release|Any CPU = Release|Any CPU
	EndGlobalSection
	GlobalSection(ProjectConfigurationPlatforms) = postSolution
		{99910935-5D22-4D6F-809E-EB9F54FC1EF3}.Debug|Any CPU.ActiveCfg = Debug|Any CPU
		{99910935-5D22-4D6F-809E-EB9F54FC1EF3}.Debug|Any CPU.Build.0 = Debug|Any CPU
		{99910935-5D22-4D6F-809E-EB9F54FC1EF3}.Release|Any CPU.ActiveCfg = Release|Any CPU
		{99910935-5D22-4D6F-809E-EB9F54FC1EF3}.Release|Any CPU.Build.0 = Release|Any CPU
		{7328AF79-426D-42D2-A66B-98026A3D99DC}.Debug|Any CPU.ActiveCfg = Debug|Any CPU
		{7328AF79-426D-42D2-A66B-98026A3D99DC}.Debug|Any CPU.Build.0 = Debug|Any CPU
		{7328AF79-426D-42D2-A66B-98026A3D99DC}.Debug|Any CPU.Deploy.0 = Debug|Any CPU
		{7328AF79-426D-42D2-A66B-98026A3D99DC}.Release|Any CPU.ActiveCfg = Release|Any CPU
		{7328AF79-426D-42D2-A66B-98026A3D99DC}.Release|Any CPU.Build.0 = Release|Any CPU
		{7328AF79-426D-42D2-A66B-98026A3D99DC}.Release|Any CPU.Deploy.0 = Release|Any CPU
		{29187734-B7FA-425F-BF54-14F0C2C8B3B5}.Debug|Any CPU.ActiveCfg = Debug|Any CPU
		{29187734-B7FA-425F-BF54-14F0C2C8B3B5}.Debug|Any CPU.Build.0 = Debug|Any CPU
		{29187734-B7FA-425F-BF54-14F0C2C8B3B5}.Release|Any CPU.ActiveCfg = Release|Any CPU
		{29187734-B7FA-425F-BF54-14F0C2C8B3B5}.Release|Any CPU.Build.0 = Release|Any CPU
	EndGlobalSection
	GlobalSection(SolutionProperties) = preSolution
		HideSolutionNode = FALSE
	EndGlobalSection
	GlobalSection(ExtensibilityGlobals) = postSolution
		SolutionGuid = {BD067B8D-99E9-418D-8FEB-08003B1DDD25}
	EndGlobalSection
EndGlobal
